Microsoft Visual Studio Solution File, Format Version 11.00
# Visual Studio 2008

Project("{454AC406-4611-FD0C-0290-4590185BE776}") = "HolModBasic", "Assembly-CSharp.csproj", "{7E32CE16-487C-B747-5CE9-DF4ED3777215}"
EndProject
Project("{454AC406-4611-FD0C-0290-4590185BE776}") = "HolModBasic", "Assembly-CSharp-Editor.csproj", "{A84F0FBC-A4DF-DB6A-37BE-376F096D15C4}"
EndProject
Global
	GlobalSection(SolutionConfigurationPlatforms) = preSolution
		Debug|Any CPU = Debug|Any CPU
		Release|Any CPU = Release|Any CPU
	EndGlobalSection
	GlobalSection(ProjectConfigurationPlatforms) = postSolution
		{7E32CE16-487C-B747-5CE9-DF4ED3777215}.Debug|Any CPU.ActiveCfg = Debug|Any CPU
		{7E32CE16-487C-B747-5CE9-DF4ED3777215}.Debug|Any CPU.Build.0 = Debug|Any CPU
		{7E32CE16-487C-B747-5CE9-DF4ED3777215}.Release|Any CPU.ActiveCfg = Release|Any CPU
		{7E32CE16-487C-B747-5CE9-DF4ED3777215}.Release|Any CPU.Build.0 = Release|Any CPU
		{A84F0FBC-A4DF-DB6A-37BE-376F096D15C4}.Debug|Any CPU.ActiveCfg = Debug|Any CPU
		{A84F0FBC-A4DF-DB6A-37BE-376F096D15C4}.Debug|Any CPU.Build.0 = Debug|Any CPU
		{A84F0FBC-A4DF-DB6A-37BE-376F096D15C4}.Release|Any CPU.ActiveCfg = Release|Any CPU
		{A84F0FBC-A4DF-DB6A-37BE-376F096D15C4}.Release|Any CPU.Build.0 = Release|Any CPU
	EndGlobalSection
	GlobalSection(SolutionProperties) = preSolution
		HideSolutionNode = FALSE
	EndGlobalSection
	GlobalSection(MonoDevelopProperties) = preSolution
		StartupItem = Assembly-CSharp.csproj
	EndGlobalSection
EndGlobal
